
Microsoft Visual Studio Solution File, Format Version 12.00
# Visual Studio 15
VisualStudioVersion = 15.0.28010.2003
MinimumVisualStudioVersion = 10.0.40219.1
Project("{FAE04EC0-301F-11D3-BF4B-00C04F79EFBC}") = "PasswordKeeper", "PasswordKeeper.csproj", "{490A3E50-6083-42FA-B135-7786A4EB71C0}"
EndProject
Global
	GlobalSection(SolutionConfigurationPlatforms) = preSolution
		Debug|Any CPU = Debug|Any CPU
		Release|Any CPU = Release|Any CPU
	EndGlobalSection
	GlobalSection(ProjectConfigurationPlatforms) = postSolution
		{490A3E50-6083-42FA-B135-7786A4EB71C0}.Debug|Any CPU.ActiveCfg = Debug|Any CPU
		{490A3E50-6083-42FA-B135-7786A4EB71C0}.Debug|Any CPU.Build.0 = Debug|Any CPU
		{490A3E50-6083-42FA-B135-7786A4EB71C0}.Release|Any CPU.ActiveCfg = Release|Any CPU
		{490A3E50-6083-42FA-B135-7786A4EB71C0}.Release|Any CPU.Build.0 = Release|Any CPU
	EndGlobalSection
	GlobalSection(SolutionProperties) = preSolution
		HideSolutionNode = FALSE
	EndGlobalSection
	GlobalSection(ExtensibilityGlobals) = postSolution
		SolutionGuid = {8457803D-2424-4173-AEA8-81F6406E7408}
	EndGlobalSection
EndGlobal
