
Microsoft Visual Studio Solution File, Format Version 12.00
# Visual Studio Version 16
VisualStudioVersion = 16.0.31729.503
MinimumVisualStudioVersion = 10.0.40219.1
Project("{9A19103F-16F7-4668-BE54-9A1E7A4F7556}") = "PasswordKeeper.BLL", "PasswordKeeper.BLL\PasswordKeeper.BLL.csproj", "{1E459520-AB69-45E4-95E1-19598D5AF370}"
EndProject
Project("{9A19103F-16F7-4668-BE54-9A1E7A4F7556}") = "PasswordKeeper.UI", "PasswordKeeper.UI\PasswordKeeper.UI.csproj", "{11B424E1-F327-4CF6-B46E-E98939769281}"
EndProject
Global
	GlobalSection(SolutionConfigurationPlatforms) = preSolution
		Debug|Any CPU = Debug|Any CPU
		Release|Any CPU = Release|Any CPU
	EndGlobalSection
	GlobalSection(ProjectConfigurationPlatforms) = postSolution
		{1E459520-AB69-45E4-95E1-19598D5AF370}.Debug|Any CPU.ActiveCfg = Debug|Any CPU
		{1E459520-AB69-45E4-95E1-19598D5AF370}.Debug|Any CPU.Build.0 = Debug|Any CPU
		{1E459520-AB69-45E4-95E1-19598D5AF370}.Release|Any CPU.ActiveCfg = Release|Any CPU
		{1E459520-AB69-45E4-95E1-19598D5AF370}.Release|Any CPU.Build.0 = Release|Any CPU
		{11B424E1-F327-4CF6-B46E-E98939769281}.Debug|Any CPU.ActiveCfg = Debug|Any CPU
		{11B424E1-F327-4CF6-B46E-E98939769281}.Debug|Any CPU.Build.0 = Debug|Any CPU
		{11B424E1-F327-4CF6-B46E-E98939769281}.Release|Any CPU.ActiveCfg = Release|Any CPU
		{11B424E1-F327-4CF6-B46E-E98939769281}.Release|Any CPU.Build.0 = Release|Any CPU
	EndGlobalSection
	GlobalSection(SolutionProperties) = preSolution
		HideSolutionNode = FALSE
	EndGlobalSection
	GlobalSection(ExtensibilityGlobals) = postSolution
		SolutionGuid = {19A97ACF-24F0-4D86-903E-61B9FB87DA80}
	EndGlobalSection
EndGlobal
